// !$*UTF8*$!
{
	archiveVersion = 1;
	classes = {
	};
	objectVersion = 46;
	objects = {

/* Begin PBXBuildFile section */
		FD04DA4718D1AE29007399E4 /* PMAnnotationView.m in Sources */ = {isa = PBXBuildFile; fileRef = FD04DA4618D1AE29007399E4 /* PMAnnotationView.m */; };
		FD04DA4D18D1B7DD007399E4 /* MKMapView+ZoomLevel.m in Sources */ = {isa = PBXBuildFile; fileRef = FD04DA4C18D1B7DD007399E4 /* MKMapView+ZoomLevel.m */; };
		FD04DA5018D1C859007399E4 /* PMAnnotation.m in Sources */ = {isa = PBXBuildFile; fileRef = FD04DA4F18D1C859007399E4 /* PMAnnotation.m */; };
		FD1C810218D08A0100674787 /* ParticleCollectionViewCell.m in Sources */ = {isa = PBXBuildFile; fileRef = FD1C810118D08A0100674787 /* ParticleCollectionViewCell.m */; };
		FD1C810518D09CC900674787 /* HistoryGraphView.m in Sources */ = {isa = PBXBuildFile; fileRef = FD1C810418D09CC900674787 /* HistoryGraphView.m */; };
		FD1C810818D0B31F00674787 /* Localizable.strings in Resources */ = {isa = PBXBuildFile; fileRef = FD1C810618D0B31F00674787 /* Localizable.strings */; };
		FD3A30DB18CB642F002B6990 /* Foundation.framework in Frameworks */ = {isa = PBXBuildFile; fileRef = FD3A30DA18CB642F002B6990 /* Foundation.framework */; };
		FD3A30DD18CB642F002B6990 /* CoreGraphics.framework in Frameworks */ = {isa = PBXBuildFile; fileRef = FD3A30DC18CB642F002B6990 /* CoreGraphics.framework */; };
		FD3A30DF18CB642F002B6990 /* UIKit.framework in Frameworks */ = {isa = PBXBuildFile; fileRef = FD3A30DE18CB642F002B6990 /* UIKit.framework */; };
		FD3A30E518CB642F002B6990 /* InfoPlist.strings in Resources */ = {isa = PBXBuildFile; fileRef = FD3A30E318CB642F002B6990 /* InfoPlist.strings */; };
		FD3A30E718CB642F002B6990 /* main.m in Sources */ = {isa = PBXBuildFile; fileRef = FD3A30E618CB642F002B6990 /* main.m */; };
		FD3A30EB18CB642F002B6990 /* AppDelegate.m in Sources */ = {isa = PBXBuildFile; fileRef = FD3A30EA18CB642F002B6990 /* AppDelegate.m */; };
		FD3A30ED18CB642F002B6990 /* Images.xcassets in Resources */ = {isa = PBXBuildFile; fileRef = FD3A30EC18CB642F002B6990 /* Images.xcassets */; };
		FD3A30F418CB642F002B6990 /* XCTest.framework in Frameworks */ = {isa = PBXBuildFile; fileRef = FD3A30F318CB642F002B6990 /* XCTest.framework */; };
		FD3A30F518CB642F002B6990 /* Foundation.framework in Frameworks */ = {isa = PBXBuildFile; fileRef = FD3A30DA18CB642F002B6990 /* Foundation.framework */; };
		FD3A30F618CB642F002B6990 /* UIKit.framework in Frameworks */ = {isa = PBXBuildFile; fileRef = FD3A30DE18CB642F002B6990 /* UIKit.framework */; };
		FD3A310018CB642F002B6990 /* pm25Tests.m in Sources */ = {isa = PBXBuildFile; fileRef = FD3A30FF18CB642F002B6990 /* pm25Tests.m */; };
		FD3BCD6A18CC57B2001170D6 /* AppMenuButton.m in Sources */ = {isa = PBXBuildFile; fileRef = FD3BCD6918CC57B2001170D6 /* AppMenuButton.m */; };
		FD3BCD6E18CC59AC001170D6 /* UIImage+ImageEffects.m in Sources */ = {isa = PBXBuildFile; fileRef = FD3BCD6D18CC59AC001170D6 /* UIImage+ImageEffects.m */; };
		FD3BCD7118CC6891001170D6 /* ForegroundPanel.m in Sources */ = {isa = PBXBuildFile; fileRef = FD3BCD7018CC6891001170D6 /* ForegroundPanel.m */; };
		FD3BCD7318CC7A9D001170D6 /* MapKit.framework in Frameworks */ = {isa = PBXBuildFile; fileRef = FD3BCD7218CC7A9D001170D6 /* MapKit.framework */; };
		FD3E036C18CCD4E80033845A /* libGoogleAdMobAds.a in Frameworks */ = {isa = PBXBuildFile; fileRef = FD3E036B18CCD4E80033845A /* libGoogleAdMobAds.a */; };
		FD3E036F18CCD6C90033845A /* AVFoundation.framework in Frameworks */ = {isa = PBXBuildFile; fileRef = FD3E036E18CCD6C90033845A /* AVFoundation.framework */; };
		FD3E037318CCD6DF0033845A /* AdSupport.framework in Frameworks */ = {isa = PBXBuildFile; fileRef = FD3E037218CCD6DF0033845A /* AdSupport.framework */; };
		FD3E037518CCD6F40033845A /* AudioToolbox.framework in Frameworks */ = {isa = PBXBuildFile; fileRef = FD3E037418CCD6F40033845A /* AudioToolbox.framework */; };
		FD3E037718CCD6FD0033845A /* MessageUI.framework in Frameworks */ = {isa = PBXBuildFile; fileRef = FD3E037618CCD6FD0033845A /* MessageUI.framework */; };
		FD3E037918CCD7030033845A /* CoreTelephony.framework in Frameworks */ = {isa = PBXBuildFile; fileRef = FD3E037818CCD7030033845A /* CoreTelephony.framework */; };
		FD3E037B18CCD7090033845A /* StoreKit.framework in Frameworks */ = {isa = PBXBuildFile; fileRef = FD3E037A18CCD7090033845A /* StoreKit.framework */; };
		FD3E037D18CCD7110033845A /* SystemConfiguration.framework in Frameworks */ = {isa = PBXBuildFile; fileRef = FD3E037C18CCD7110033845A /* SystemConfiguration.framework */; };
		FD3E038D18CDBD180033845A /* VersionComparator.m in Sources */ = {isa = PBXBuildFile; fileRef = FD3E038C18CDBD180033845A /* VersionComparator.m */; };
		FD6C925618CB6CAF005D28A3 /* AppContainerViewController.m in Sources */ = {isa = PBXBuildFile; fileRef = FD6C925518CB6CAF005D28A3 /* AppContainerViewController.m */; };
		FD6C925818CB6CD3005D28A3 /* Interface.storyboard in Resources */ = {isa = PBXBuildFile; fileRef = FD6C925718CB6CD3005D28A3 /* Interface.storyboard */; };
		FD6C925B18CB6CFC005D28A3 /* CurrentLocationViewController.m in Sources */ = {isa = PBXBuildFile; fileRef = FD6C925A18CB6CFC005D28A3 /* CurrentLocationViewController.m */; };
		FD6C925E18CB6D06005D28A3 /* MapViewController.m in Sources */ = {isa = PBXBuildFile; fileRef = FD6C925D18CB6D06005D28A3 /* MapViewController.m */; };
		FD6C926118CB6D0F005D28A3 /* SettingsViewController.m in Sources */ = {isa = PBXBuildFile; fileRef = FD6C926018CB6D0F005D28A3 /* SettingsViewController.m */; };
		FD6C926718CBCEC8005D28A3 /* AppMenuItem.m in Sources */ = {isa = PBXBuildFile; fileRef = FD6C926618CBCEC8005D28A3 /* AppMenuItem.m */; };
/* End PBXBuildFile section */

/* Begin PBXContainerItemProxy section */
		FD3A30F718CB642F002B6990 /* PBXContainerItemProxy */ = {
			isa = PBXContainerItemProxy;
			containerPortal = FD3A30CF18CB642F002B6990 /* Project object */;
			proxyType = 1;
			remoteGlobalIDString = FD3A30D618CB642F002B6990;
			remoteInfo = pm25;
		};
/* End PBXContainerItemProxy section */

/* Begin PBXFileReference section */
		FD04DA4518D1AE29007399E4 /* PMAnnotationView.h */ = {isa = PBXFileReference; fileEncoding = 4; lastKnownFileType = sourcecode.c.h; path = PMAnnotationView.h; sourceTree = "<group>"; };
		FD04DA4618D1AE29007399E4 /* PMAnnotationView.m */ = {isa = PBXFileReference; fileEncoding = 4; lastKnownFileType = sourcecode.c.objc; path = PMAnnotationView.m; sourceTree = "<group>"; };
		FD04DA4B18D1B7DD007399E4 /* MKMapView+ZoomLevel.h */ = {isa = PBXFileReference; fileEncoding = 4; lastKnownFileType = sourcecode.c.h; path = "MKMapView+ZoomLevel.h"; sourceTree = "<group>"; };
		FD04DA4C18D1B7DD007399E4 /* MKMapView+ZoomLevel.m */ = {isa = PBXFileReference; fileEncoding = 4; lastKnownFileType = sourcecode.c.objc; path = "MKMapView+ZoomLevel.m"; sourceTree = "<group>"; };
		FD04DA4E18D1C859007399E4 /* PMAnnotation.h */ = {isa = PBXFileReference; fileEncoding = 4; lastKnownFileType = sourcecode.c.h; path = PMAnnotation.h; sourceTree = "<group>"; };
		FD04DA4F18D1C859007399E4 /* PMAnnotation.m */ = {isa = PBXFileReference; fileEncoding = 4; lastKnownFileType = sourcecode.c.objc; path = PMAnnotation.m; sourceTree = "<group>"; };
		FD1C810018D08A0100674787 /* ParticleCollectionViewCell.h */ = {isa = PBXFileReference; fileEncoding = 4; lastKnownFileType = sourcecode.c.h; path = ParticleCollectionViewCell.h; sourceTree = "<group>"; };
		FD1C810118D08A0100674787 /* ParticleCollectionViewCell.m */ = {isa = PBXFileReference; fileEncoding = 4; lastKnownFileType = sourcecode.c.objc; path = ParticleCollectionViewCell.m; sourceTree = "<group>"; };
		FD1C810318D09CC900674787 /* HistoryGraphView.h */ = {isa = PBXFileReference; fileEncoding = 4; lastKnownFileType = sourcecode.c.h; path = HistoryGraphView.h; sourceTree = "<group>"; };
		FD1C810418D09CC900674787 /* HistoryGraphView.m */ = {isa = PBXFileReference; fileEncoding = 4; lastKnownFileType = sourcecode.c.objc; path = HistoryGraphView.m; sourceTree = "<group>"; };
		FD1C810718D0B31F00674787 /* ja */ = {isa = PBXFileReference; lastKnownFileType = text.plist.strings; name = ja; path = ja.lproj/Localizable.strings; sourceTree = "<group>"; };
		FD3A30D718CB642F002B6990 /* pm25.app */ = {isa = PBXFileReference; explicitFileType = wrapper.application; includeInIndex = 0; path = pm25.app; sourceTree = BUILT_PRODUCTS_DIR; };
		FD3A30DA18CB642F002B6990 /* Foundation.framework */ = {isa = PBXFileReference; lastKnownFileType = wrapper.framework; name = Foundation.framework; path = System/Library/Frameworks/Foundation.framework; sourceTree = SDKROOT; };
		FD3A30DC18CB642F002B6990 /* CoreGraphics.framework */ = {isa = PBXFileReference; lastKnownFileType = wrapper.framework; name = CoreGraphics.framework; path = System/Library/Frameworks/CoreGraphics.framework; sourceTree = SDKROOT; };
		FD3A30DE18CB642F002B6990 /* UIKit.framework */ = {isa = PBXFileReference; lastKnownFileType = wrapper.framework; name = UIKit.framework; path = System/Library/Frameworks/UIKit.framework; sourceTree = SDKROOT; };
		FD3A30E218CB642F002B6990 /* pm25-Info.plist */ = {isa = PBXFileReference; lastKnownFileType = text.plist.xml; path = "pm25-Info.plist"; sourceTree = "<group>"; };
		FD3A30E618CB642F002B6990 /* main.m */ = {isa = PBXFileReference; lastKnownFileType = sourcecode.c.objc; path = main.m; sourceTree = "<group>"; };
		FD3A30E818CB642F002B6990 /* pm25-Prefix.pch */ = {isa = PBXFileReference; lastKnownFileType = sourcecode.c.h; path = "pm25-Prefix.pch"; sourceTree = "<group>"; };
		FD3A30E918CB642F002B6990 /* AppDelegate.h */ = {isa = PBXFileReference; lastKnownFileType = sourcecode.c.h; path = AppDelegate.h; sourceTree = "<group>"; };
		FD3A30EA18CB642F002B6990 /* AppDelegate.m */ = {isa = PBXFileReference; lastKnownFileType = sourcecode.c.objc; path = AppDelegate.m; sourceTree = "<group>"; };
		FD3A30EC18CB642F002B6990 /* Images.xcassets */ = {isa = PBXFileReference; lastKnownFileType = folder.assetcatalog; path = Images.xcassets; sourceTree = "<group>"; };
		FD3A30F218CB642F002B6990 /* pm25Tests.xctest */ = {isa = PBXFileReference; explicitFileType = wrapper.cfbundle; includeInIndex = 0; path = pm25Tests.xctest; sourceTree = BUILT_PRODUCTS_DIR; };
		FD3A30F318CB642F002B6990 /* XCTest.framework */ = {isa = PBXFileReference; lastKnownFileType = wrapper.framework; name = XCTest.framework; path = Library/Frameworks/XCTest.framework; sourceTree = DEVELOPER_DIR; };
		FD3A30FB18CB642F002B6990 /* pm25Tests-Info.plist */ = {isa = PBXFileReference; lastKnownFileType = text.plist.xml; path = "pm25Tests-Info.plist"; sourceTree = "<group>"; };
		FD3A30FF18CB642F002B6990 /* pm25Tests.m */ = {isa = PBXFileReference; lastKnownFileType = sourcecode.c.objc; path = pm25Tests.m; sourceTree = "<group>"; };
		FD3BCD6818CC57B2001170D6 /* AppMenuButton.h */ = {isa = PBXFileReference; fileEncoding = 4; lastKnownFileType = sourcecode.c.h; path = AppMenuButton.h; sourceTree = "<group>"; };
		FD3BCD6918CC57B2001170D6 /* AppMenuButton.m */ = {isa = PBXFileReference; fileEncoding = 4; lastKnownFileType = sourcecode.c.objc; path = AppMenuButton.m; sourceTree = "<group>"; };
		FD3BCD6C18CC59AC001170D6 /* UIImage+ImageEffects.h */ = {isa = PBXFileReference; fileEncoding = 4; lastKnownFileType = sourcecode.c.h; path = "UIImage+ImageEffects.h"; sourceTree = "<group>"; };
		FD3BCD6D18CC59AC001170D6 /* UIImage+ImageEffects.m */ = {isa = PBXFileReference; fileEncoding = 4; lastKnownFileType = sourcecode.c.objc; path = "UIImage+ImageEffects.m"; sourceTree = "<group>"; };
		FD3BCD6F18CC6891001170D6 /* ForegroundPanel.h */ = {isa = PBXFileReference; fileEncoding = 4; lastKnownFileType = sourcecode.c.h; path = ForegroundPanel.h; sourceTree = "<group>"; };
		FD3BCD7018CC6891001170D6 /* ForegroundPanel.m */ = {isa = PBXFileReference; fileEncoding = 4; lastKnownFileType = sourcecode.c.objc; path = ForegroundPanel.m; sourceTree = "<group>"; };
		FD3BCD7218CC7A9D001170D6 /* MapKit.framework */ = {isa = PBXFileReference; lastKnownFileType = wrapper.framework; name = MapKit.framework; path = System/Library/Frameworks/MapKit.framework; sourceTree = SDKROOT; };
		FD3E035F18CC88360033845A /* CoreDataStack.h */ = {isa = PBXFileReference; fileEncoding = 4; lastKnownFileType = sourcecode.c.h; path = CoreDataStack.h; sourceTree = "<group>"; };
		FD3E036018CC88360033845A /* CoreDataStack.m */ = {isa = PBXFileReference; fileEncoding = 4; lastKnownFileType = sourcecode.c.objc; path = CoreDataStack.m; sourceTree = "<group>"; };
		FD3E036218CCD4E80033845A /* GADAdMobExtras.h */ = {isa = PBXFileReference; fileEncoding = 4; lastKnownFileType = sourcecode.c.h; name = GADAdMobExtras.h; path = Admob/GADAdMobExtras.h; sourceTree = SOURCE_ROOT; };
		FD3E036318CCD4E80033845A /* GADAdNetworkExtras.h */ = {isa = PBXFileReference; fileEncoding = 4; lastKnownFileType = sourcecode.c.h; name = GADAdNetworkExtras.h; path = Admob/GADAdNetworkExtras.h; sourceTree = SOURCE_ROOT; };
		FD3E036418CCD4E80033845A /* GADAdSize.h */ = {isa = PBXFileReference; fileEncoding = 4; lastKnownFileType = sourcecode.c.h; name = GADAdSize.h; path = Admob/GADAdSize.h; sourceTree = SOURCE_ROOT; };
		FD3E036518CCD4E80033845A /* GADBannerView.h */ = {isa = PBXFileReference; fileEncoding = 4; lastKnownFileType = sourcecode.c.h; name = GADBannerView.h; path = Admob/GADBannerView.h; sourceTree = SOURCE_ROOT; };
		FD3E036618CCD4E80033845A /* GADBannerViewDelegate.h */ = {isa = PBXFileReference; fileEncoding = 4; lastKnownFileType = sourcecode.c.h; name = GADBannerViewDelegate.h; path = Admob/GADBannerViewDelegate.h; sourceTree = SOURCE_ROOT; };
		FD3E036718CCD4E80033845A /* GADInterstitial.h */ = {isa = PBXFileReference; fileEncoding = 4; lastKnownFileType = sourcecode.c.h; name = GADInterstitial.h; path = Admob/GADInterstitial.h; sourceTree = SOURCE_ROOT; };
		FD3E036818CCD4E80033845A /* GADInterstitialDelegate.h */ = {isa = PBXFileReference; fileEncoding = 4; lastKnownFileType = sourcecode.c.h; name = GADInterstitialDelegate.h; path = Admob/GADInterstitialDelegate.h; sourceTree = SOURCE_ROOT; };
		FD3E036918CCD4E80033845A /* GADRequest.h */ = {isa = PBXFileReference; fileEncoding = 4; lastKnownFileType = sourcecode.c.h; name = GADRequest.h; path = Admob/GADRequest.h; sourceTree = SOURCE_ROOT; };
		FD3E036A18CCD4E80033845A /* GADRequestError.h */ = {isa = PBXFileReference; fileEncoding = 4; lastKnownFileType = sourcecode.c.h; name = GADRequestError.h; path = Admob/GADRequestError.h; sourceTree = SOURCE_ROOT; };
		FD3E036B18CCD4E80033845A /* libGoogleAdMobAds.a */ = {isa = PBXFileReference; lastKnownFileType = archive.ar; name = libGoogleAdMobAds.a; path = Admob/libGoogleAdMobAds.a; sourceTree = SOURCE_ROOT; };
		FD3E036E18CCD6C90033845A /* AVFoundation.framework */ = {isa = PBXFileReference; lastKnownFileType = wrapper.framework; name = AVFoundation.framework; path = System/Library/Frameworks/AVFoundation.framework; sourceTree = SDKROOT; };
		FD3E037018CCD6DA0033845A /* AudioUnit.framework */ = {isa = PBXFileReference; lastKnownFileType = wrapper.framework; name = AudioUnit.framework; path = System/Library/Frameworks/AudioUnit.framework; sourceTree = SDKROOT; };
		FD3E037218CCD6DF0033845A /* AdSupport.framework */ = {isa = PBXFileReference; lastKnownFileType = wrapper.framework; name = AdSupport.framework; path = System/Library/Frameworks/AdSupport.framework; sourceTree = SDKROOT; };
		FD3E037418CCD6F40033845A /* AudioToolbox.framework */ = {isa = PBXFileReference; lastKnownFileType = wrapper.framework; name = AudioToolbox.framework; path = System/Library/Frameworks/AudioToolbox.framework; sourceTree = SDKROOT; };
		FD3E037618CCD6FD0033845A /* MessageUI.framework */ = {isa = PBXFileReference; lastKnownFileType = wrapper.framework; name = MessageUI.framework; path = System/Library/Frameworks/MessageUI.framework; sourceTree = SDKROOT; };
		FD3E037818CCD7030033845A /* CoreTelephony.framework */ = {isa = PBXFileReference; lastKnownFileType = wrapper.framework; name = CoreTelephony.framework; path = System/Library/Frameworks/CoreTelephony.framework; sourceTree = SDKROOT; };
		FD3E037A18CCD7090033845A /* StoreKit.framework */ = {isa = PBXFileReference; lastKnownFileType = wrapper.framework; name = StoreKit.framework; path = System/Library/Frameworks/StoreKit.framework; sourceTree = SDKROOT; };
		FD3E037C18CCD7110033845A /* SystemConfiguration.framework */ = {isa = PBXFileReference; lastKnownFileType = wrapper.framework; name = SystemConfiguration.framework; path = System/Library/Frameworks/SystemConfiguration.framework; sourceTree = SDKROOT; };
		FD3E037E18CCDCBB0033845A /* ContentLock.h */ = {isa = PBXFileReference; fileEncoding = 4; lastKnownFileType = sourcecode.c.h; path = ContentLock.h; sourceTree = "<group>"; };
		FD3E037F18CCDCBB0033845A /* ContentLock.m */ = {isa = PBXFileReference; fileEncoding = 4; lastKnownFileType = sourcecode.c.objc; path = ContentLock.m; sourceTree = "<group>"; };
		FD3E038118CCDCDD0033845A /* ReceiptValidator.h */ = {isa = PBXFileReference; fileEncoding = 4; lastKnownFileType = sourcecode.c.h; path = ReceiptValidator.h; sourceTree = "<group>"; };
		FD3E038218CCDCDD0033845A /* ReceiptValidator.m */ = {isa = PBXFileReference; fileEncoding = 4; lastKnownFileType = sourcecode.c.objc; path = ReceiptValidator.m; sourceTree = "<group>"; };
		FD3E038418CCDD3B0033845A /* libcrypto.a */ = {isa = PBXFileReference; lastKnownFileType = archive.ar; name = libcrypto.a; path = OpenSSL/libcrypto.a; sourceTree = SOURCE_ROOT; };
		FD3E038518CCDD3B0033845A /* libssl.a */ = {isa = PBXFileReference; lastKnownFileType = archive.ar; name = libssl.a; path = OpenSSL/libssl.a; sourceTree = SOURCE_ROOT; };
		FD3E038818CD94060033845A /* ja */ = {isa = PBXFileReference; lastKnownFileType = text.plist.strings; name = ja; path = ja.lproj/InfoPlist.strings; sourceTree = "<group>"; };
		FD3E038B18CDBD180033845A /* VersionComparator.h */ = {isa = PBXFileReference; fileEncoding = 4; lastKnownFileType = sourcecode.c.h; path = VersionComparator.h; sourceTree = "<group>"; };
		FD3E038C18CDBD180033845A /* VersionComparator.m */ = {isa = PBXFileReference; fileEncoding = 4; lastKnownFileType = sourcecode.c.objc; path = VersionComparator.m; sourceTree = "<group>"; };
		FD6C925418CB6CAF005D28A3 /* AppContainerViewController.h */ = {isa = PBXFileReference; fileEncoding = 4; lastKnownFileType = sourcecode.c.h; path = AppContainerViewController.h; sourceTree = "<group>"; };
		FD6C925518CB6CAF005D28A3 /* AppContainerViewController.m */ = {isa = PBXFileReference; fileEncoding = 4; lastKnownFileType = sourcecode.c.objc; path = AppContainerViewController.m; sourceTree = "<group>"; };
		FD6C925718CB6CD3005D28A3 /* Interface.storyboard */ = {isa = PBXFileReference; fileEncoding = 4; lastKnownFileType = file.storyboard; path = Interface.storyboard; sourceTree = "<group>"; };
		FD6C925918CB6CFC005D28A3 /* CurrentLocationViewController.h */ = {isa = PBXFileReference; fileEncoding = 4; lastKnownFileType = sourcecode.c.h; path = CurrentLocationViewController.h; sourceTree = "<group>"; };
		FD6C925A18CB6CFC005D28A3 /* CurrentLocationViewController.m */ = {isa = PBXFileReference; fileEncoding = 4; lastKnownFileType = sourcecode.c.objc; path = CurrentLocationViewController.m; sourceTree = "<group>"; };
		FD6C925C18CB6D06005D28A3 /* MapViewController.h */ = {isa = PBXFileReference; fileEncoding = 4; lastKnownFileType = sourcecode.c.h; path = MapViewController.h; sourceTree = "<group>"; };
		FD6C925D18CB6D06005D28A3 /* MapViewController.m */ = {isa = PBXFileReference; fileEncoding = 4; lastKnownFileType = sourcecode.c.objc; path = MapViewController.m; sourceTree = "<group>"; };
		FD6C925F18CB6D0F005D28A3 /* SettingsViewController.h */ = {isa = PBXFileReference; fileEncoding = 4; lastKnownFileType = sourcecode.c.h; path = SettingsViewController.h; sourceTree = "<group>"; };
		FD6C926018CB6D0F005D28A3 /* SettingsViewController.m */ = {isa = PBXFileReference; fileEncoding = 4; lastKnownFileType = sourcecode.c.objc; path = SettingsViewController.m; sourceTree = "<group>"; };
		FD6C926218CB7149005D28A3 /* PhotoGrabber.h */ = {isa = PBXFileReference; fileEncoding = 4; lastKnownFileType = sourcecode.c.h; path = PhotoGrabber.h; sourceTree = "<group>"; };
		FD6C926318CB7149005D28A3 /* PhotoGrabber.m */ = {isa = PBXFileReference; fileEncoding = 4; lastKnownFileType = sourcecode.c.objc; path = PhotoGrabber.m; sourceTree = "<group>"; };
		FD6C926518CBCEC8005D28A3 /* AppMenuItem.h */ = {isa = PBXFileReference; fileEncoding = 4; lastKnownFileType = sourcecode.c.h; path = AppMenuItem.h; sourceTree = "<group>"; };
		FD6C926618CBCEC8005D28A3 /* AppMenuItem.m */ = {isa = PBXFileReference; fileEncoding = 4; lastKnownFileType = sourcecode.c.objc; path = AppMenuItem.m; sourceTree = "<group>"; };
/* End PBXFileReference section */

/* Begin PBXFrameworksBuildPhase section */
		FD3A30D418CB642F002B6990 /* Frameworks */ = {
			isa = PBXFrameworksBuildPhase;
			buildActionMask = 2147483647;
			files = (
				FD3E037D18CCD7110033845A /* SystemConfiguration.framework in Frameworks */,
				FD3E037B18CCD7090033845A /* StoreKit.framework in Frameworks */,
				FD3E037918CCD7030033845A /* CoreTelephony.framework in Frameworks */,
				FD3E037718CCD6FD0033845A /* MessageUI.framework in Frameworks */,
				FD3E037518CCD6F40033845A /* AudioToolbox.framework in Frameworks */,
				FD3E037318CCD6DF0033845A /* AdSupport.framework in Frameworks */,
				FD3E036F18CCD6C90033845A /* AVFoundation.framework in Frameworks */,
				FD3BCD7318CC7A9D001170D6 /* MapKit.framework in Frameworks */,
				FD3A30DD18CB642F002B6990 /* CoreGraphics.framework in Frameworks */,
				FD3A30DF18CB642F002B6990 /* UIKit.framework in Frameworks */,
				FD3A30DB18CB642F002B6990 /* Foundation.framework in Frameworks */,
				FD3E036C18CCD4E80033845A /* libGoogleAdMobAds.a in Frameworks */,
			);
			runOnlyForDeploymentPostprocessing = 0;
		};
		FD3A30EF18CB642F002B6990 /* Frameworks */ = {
			isa = PBXFrameworksBuildPhase;
			buildActionMask = 2147483647;
			files = (
				FD3A30F418CB642F002B6990 /* XCTest.framework in Frameworks */,
				FD3A30F618CB642F002B6990 /* UIKit.framework in Frameworks */,
				FD3A30F518CB642F002B6990 /* Foundation.framework in Frameworks */,
			);
			runOnlyForDeploymentPostprocessing = 0;
		};
/* End PBXFrameworksBuildPhase section */

/* Begin PBXGroup section */
		FD3A30CE18CB642F002B6990 = {
			isa = PBXGroup;
			children = (
				FD3A30E018CB642F002B6990 /* Code */,
				FD3A310C18CB64D1002B6990 /* Resources */,
				FD3A30F918CB642F002B6990 /* pm25Tests */,
				FD3A30D918CB642F002B6990 /* Frameworks */,
				FD3A30D818CB642F002B6990 /* Products */,
			);
			sourceTree = "<group>";
		};
		FD3A30D818CB642F002B6990 /* Products */ = {
			isa = PBXGroup;
			children = (
				FD3A30D718CB642F002B6990 /* pm25.app */,
				FD3A30F218CB642F002B6990 /* pm25Tests.xctest */,
			);
			name = Products;
			sourceTree = "<group>";
		};
		FD3A30D918CB642F002B6990 /* Frameworks */ = {
			isa = PBXGroup;
			children = (
				FD3E037C18CCD7110033845A /* SystemConfiguration.framework */,
				FD3E037A18CCD7090033845A /* StoreKit.framework */,
				FD3E037818CCD7030033845A /* CoreTelephony.framework */,
				FD3E037618CCD6FD0033845A /* MessageUI.framework */,
				FD3E037418CCD6F40033845A /* AudioToolbox.framework */,
				FD3E037218CCD6DF0033845A /* AdSupport.framework */,
				FD3E037018CCD6DA0033845A /* AudioUnit.framework */,
				FD3E036E18CCD6C90033845A /* AVFoundation.framework */,
				FD3BCD7218CC7A9D001170D6 /* MapKit.framework */,
				FD3A30DA18CB642F002B6990 /* Foundation.framework */,
				FD3A30DC18CB642F002B6990 /* CoreGraphics.framework */,
				FD3A30DE18CB642F002B6990 /* UIKit.framework */,
				FD3A30F318CB642F002B6990 /* XCTest.framework */,
			);
			name = Frameworks;
			sourceTree = "<group>";
		};
		FD3A30E018CB642F002B6990 /* Code */ = {
			isa = PBXGroup;
			children = (
				FD3BCD6B18CC5995001170D6 /* Vendor */,
				FD3A30E818CB642F002B6990 /* pm25-Prefix.pch */,
				FD3A30E618CB642F002B6990 /* main.m */,
				FD3A310B18CB6486002B6990 /* Models */,
				FD3A310A18CB6481002B6990 /* Views */,
				FD3A310918CB647A002B6990 /* Controllers */,
			);
			name = Code;
			path = pm25;
			sourceTree = "<group>";
		};
		FD3A30F918CB642F002B6990 /* pm25Tests */ = {
			isa = PBXGroup;
			children = (
				FD3A30FF18CB642F002B6990 /* pm25Tests.m */,
				FD3A30FA18CB642F002B6990 /* Supporting Files */,
			);
			path = pm25Tests;
			sourceTree = "<group>";
		};
		FD3A30FA18CB642F002B6990 /* Supporting Files */ = {
			isa = PBXGroup;
			children = (
				FD3A30FB18CB642F002B6990 /* pm25Tests-Info.plist */,
			);
			name = "Supporting Files";
			sourceTree = "<group>";
		};
		FD3A310918CB647A002B6990 /* Controllers */ = {
			isa = PBXGroup;
			children = (
				FD3A30E918CB642F002B6990 /* AppDelegate.h */,
				FD3A30EA18CB642F002B6990 /* AppDelegate.m */,
				FD6C925418CB6CAF005D28A3 /* AppContainerViewController.h */,
				FD6C925518CB6CAF005D28A3 /* AppContainerViewController.m */,
				FD6C925918CB6CFC005D28A3 /* CurrentLocationViewController.h */,
				FD6C925A18CB6CFC005D28A3 /* CurrentLocationViewController.m */,
				FD6C925C18CB6D06005D28A3 /* MapViewController.h */,
				FD6C925D18CB6D06005D28A3 /* MapViewController.m */,
				FD6C925F18CB6D0F005D28A3 /* SettingsViewController.h */,
				FD6C926018CB6D0F005D28A3 /* SettingsViewController.m */,
			);
			name = Controllers;
			sourceTree = "<group>";
		};
		FD3A310A18CB6481002B6990 /* Views */ = {
			isa = PBXGroup;
			children = (
				FD3BCD6818CC57B2001170D6 /* AppMenuButton.h */,
				FD3BCD6918CC57B2001170D6 /* AppMenuButton.m */,
				FD3BCD6F18CC6891001170D6 /* ForegroundPanel.h */,
				FD3BCD7018CC6891001170D6 /* ForegroundPanel.m */,
				FD1C810018D08A0100674787 /* ParticleCollectionViewCell.h */,
				FD1C810118D08A0100674787 /* ParticleCollectionViewCell.m */,
				FD1C810318D09CC900674787 /* HistoryGraphView.h */,
				FD1C810418D09CC900674787 /* HistoryGraphView.m */,
				FD04DA4518D1AE29007399E4 /* PMAnnotationView.h */,
				FD04DA4618D1AE29007399E4 /* PMAnnotationView.m */,
			);
			name = Views;
			sourceTree = "<group>";
		};
		FD3A310B18CB6486002B6990 /* Models */ = {
			isa = PBXGroup;
			children = (
				FD3E038A18CD9D590033845A /* InApp Purchase */,
				FD3E035F18CC88360033845A /* CoreDataStack.h */,
				FD3E036018CC88360033845A /* CoreDataStack.m */,
				FD6C926218CB7149005D28A3 /* PhotoGrabber.h */,
				FD6C926318CB7149005D28A3 /* PhotoGrabber.m */,
				FD6C926518CBCEC8005D28A3 /* AppMenuItem.h */,
				FD6C926618CBCEC8005D28A3 /* AppMenuItem.m */,
				FD04DA4E18D1C859007399E4 /* PMAnnotation.h */,
				FD04DA4F18D1C859007399E4 /* PMAnnotation.m */,
			);
			name = Models;
			sourceTree = "<group>";
		};
		FD3A310C18CB64D1002B6990 /* Resources */ = {
			isa = PBXGroup;
			children = (
				FD1C810618D0B31F00674787 /* Localizable.strings */,
				FD3A30E218CB642F002B6990 /* pm25-Info.plist */,
				FD3A30E318CB642F002B6990 /* InfoPlist.strings */,
				FD3A30EC18CB642F002B6990 /* Images.xcassets */,
				FD6C925718CB6CD3005D28A3 /* Interface.storyboard */,
			);
			name = Resources;
			path = pm25;
			sourceTree = "<group>";
		};
		FD3BCD6B18CC5995001170D6 /* Vendor */ = {
			isa = PBXGroup;
			children = (
				FD04DA4B18D1B7DD007399E4 /* MKMapView+ZoomLevel.h */,
				FD04DA4C18D1B7DD007399E4 /* MKMapView+ZoomLevel.m */,
				FD3E038B18CDBD180033845A /* VersionComparator.h */,
				FD3E038C18CDBD180033845A /* VersionComparator.m */,
				FD3E038418CCDD3B0033845A /* libcrypto.a */,
				FD3E038518CCDD3B0033845A /* libssl.a */,
				FD3E036D18CCD4EE0033845A /* Admob */,
				FD3BCD6C18CC59AC001170D6 /* UIImage+ImageEffects.h */,
				FD3BCD6D18CC59AC001170D6 /* UIImage+ImageEffects.m */,
			);
			name = Vendor;
			sourceTree = "<group>";
		};
		FD3E036D18CCD4EE0033845A /* Admob */ = {
			isa = PBXGroup;
			children = (
				FD3E036218CCD4E80033845A /* GADAdMobExtras.h */,
				FD3E036318CCD4E80033845A /* GADAdNetworkExtras.h */,
				FD3E036418CCD4E80033845A /* GADAdSize.h */,
				FD3E036518CCD4E80033845A /* GADBannerView.h */,
				FD3E036618CCD4E80033845A /* GADBannerViewDelegate.h */,
				FD3E036718CCD4E80033845A /* GADInterstitial.h */,
				FD3E036818CCD4E80033845A /* GADInterstitialDelegate.h */,
				FD3E036918CCD4E80033845A /* GADRequest.h */,
				FD3E036A18CCD4E80033845A /* GADRequestError.h */,
				FD3E036B18CCD4E80033845A /* libGoogleAdMobAds.a */,
			);
			name = Admob;
			sourceTree = "<group>";
		};
		FD3E038A18CD9D590033845A /* InApp Purchase */ = {
			isa = PBXGroup;
			children = (
				FD3E038118CCDCDD0033845A /* ReceiptValidator.h */,
				FD3E038218CCDCDD0033845A /* ReceiptValidator.m */,
				FD3E037E18CCDCBB0033845A /* ContentLock.h */,
				FD3E037F18CCDCBB0033845A /* ContentLock.m */,
			);
			name = "InApp Purchase";
			sourceTree = "<group>";
		};
/* End PBXGroup section */

/* Begin PBXNativeTarget section */
		FD3A30D618CB642F002B6990 /* pm25 */ = {
			isa = PBXNativeTarget;
			buildConfigurationList = FD3A310318CB642F002B6990 /* Build configuration list for PBXNativeTarget "pm25" */;
			buildPhases = (
				FD3A30D318CB642F002B6990 /* Sources */,
				FD3A30D418CB642F002B6990 /* Frameworks */,
				FD3A30D518CB642F002B6990 /* Resources */,
			);
			buildRules = (
			);
			dependencies = (
			);
			name = pm25;
			productName = pm25;
			productReference = FD3A30D718CB642F002B6990 /* pm25.app */;
			productType = "com.apple.product-type.application";
		};
		FD3A30F118CB642F002B6990 /* pm25Tests */ = {
			isa = PBXNativeTarget;
			buildConfigurationList = FD3A310618CB642F002B6990 /* Build configuration list for PBXNativeTarget "pm25Tests" */;
			buildPhases = (
				FD3A30EE18CB642F002B6990 /* Sources */,
				FD3A30EF18CB642F002B6990 /* Frameworks */,
				FD3A30F018CB642F002B6990 /* Resources */,
			);
			buildRules = (
			);
			dependencies = (
				FD3A30F818CB642F002B6990 /* PBXTargetDependency */,
			);
			name = pm25Tests;
			productName = pm25Tests;
			productReference = FD3A30F218CB642F002B6990 /* pm25Tests.xctest */;
			productType = "com.apple.product-type.bundle.unit-test";
		};
/* End PBXNativeTarget section */

/* Begin PBXProject section */
		FD3A30CF18CB642F002B6990 /* Project object */ = {
			isa = PBXProject;
			attributes = {
				LastUpgradeCheck = 0510;
				ORGANIZATIONNAME = Chesterford;
				TargetAttributes = {
					FD3A30D618CB642F002B6990 = {
						SystemCapabilities = {
							com.apple.BackgroundModes = {
								enabled = 1;
							};
						};
					};
					FD3A30F118CB642F002B6990 = {
						TestTargetID = FD3A30D618CB642F002B6990;
					};
				};
			};
			buildConfigurationList = FD3A30D218CB642F002B6990 /* Build configuration list for PBXProject "pm25" */;
			compatibilityVersion = "Xcode 3.2";
			developmentRegion = English;
			hasScannedForEncodings = 0;
			knownRegions = (
				en,
				ja,
				"zh-Hans",
			);
			mainGroup = FD3A30CE18CB642F002B6990;
			productRefGroup = FD3A30D818CB642F002B6990 /* Products */;
			projectDirPath = "";
			projectRoot = "";
			targets = (
				FD3A30D618CB642F002B6990 /* pm25 */,
				FD3A30F118CB642F002B6990 /* pm25Tests */,
			);
		};
/* End PBXProject section */

/* Begin PBXResourcesBuildPhase section */
		FD3A30D518CB642F002B6990 /* Resources */ = {
			isa = PBXResourcesBuildPhase;
			buildActionMask = 2147483647;
			files = (
				FD3A30E518CB642F002B6990 /* InfoPlist.strings in Resources */,
				FD1C810818D0B31F00674787 /* Localizable.strings in Resources */,
				FD6C925818CB6CD3005D28A3 /* Interface.storyboard in Resources */,
				FD3A30ED18CB642F002B6990 /* Images.xcassets in Resources */,
			);
			runOnlyForDeploymentPostprocessing = 0;
		};
		FD3A30F018CB642F002B6990 /* Resources */ = {
			isa = PBXResourcesBuildPhase;
			buildActionMask = 2147483647;
			files = (
			);
			runOnlyForDeploymentPostprocessing = 0;
		};
/* End PBXResourcesBuildPhase section */

/* Begin PBXSourcesBuildPhase section */
		FD3A30D318CB642F002B6990 /* Sources */ = {
			isa = PBXSourcesBuildPhase;
			buildActionMask = 2147483647;
			files = (
				FD04DA5018D1C859007399E4 /* PMAnnotation.m in Sources */,
				FD3A30EB18CB642F002B6990 /* AppDelegate.m in Sources */,
				FD3BCD6A18CC57B2001170D6 /* AppMenuButton.m in Sources */,
				FD04DA4718D1AE29007399E4 /* PMAnnotationView.m in Sources */,
				FD1C810218D08A0100674787 /* ParticleCollectionViewCell.m in Sources */,
				FD6C925B18CB6CFC005D28A3 /* CurrentLocationViewController.m in Sources */,
				FD6C925E18CB6D06005D28A3 /* MapViewController.m in Sources */,
				FD6C926118CB6D0F005D28A3 /* SettingsViewController.m in Sources */,
				FD3BCD6E18CC59AC001170D6 /* UIImage+ImageEffects.m in Sources */,
				FD04DA4D18D1B7DD007399E4 /* MKMapView+ZoomLevel.m in Sources */,
				FD6C926718CBCEC8005D28A3 /* AppMenuItem.m in Sources */,
				FD6C925618CB6CAF005D28A3 /* AppContainerViewController.m in Sources */,
				FD3E038D18CDBD180033845A /* VersionComparator.m in Sources */,
				FD1C810518D09CC900674787 /* HistoryGraphView.m in Sources */,
				FD3A30E718CB642F002B6990 /* main.m in Sources */,
				FD3BCD7118CC6891001170D6 /* ForegroundPanel.m in Sources */,
			);
			runOnlyForDeploymentPostprocessing = 0;
		};
		FD3A30EE18CB642F002B6990 /* Sources */ = {
			isa = PBXSourcesBuildPhase;
			buildActionMask = 2147483647;
			files = (
				FD3A310018CB642F002B6990 /* pm25Tests.m in Sources */,
			);
			runOnlyForDeploymentPostprocessing = 0;
		};
/* End PBXSourcesBuildPhase section */

/* Begin PBXTargetDependency section */
		FD3A30F818CB642F002B6990 /* PBXTargetDependency */ = {
			isa = PBXTargetDependency;
			target = FD3A30D618CB642F002B6990 /* pm25 */;
			targetProxy = FD3A30F718CB642F002B6990 /* PBXContainerItemProxy */;
		};
/* End PBXTargetDependency section */

/* Begin PBXVariantGroup section */
		FD1C810618D0B31F00674787 /* Localizable.strings */ = {
			isa = PBXVariantGroup;
			children = (
				FD1C810718D0B31F00674787 /* ja */,
			);
			name = Localizable.strings;
			sourceTree = "<group>";
		};
		FD3A30E318CB642F002B6990 /* InfoPlist.strings */ = {
			isa = PBXVariantGroup;
			children = (
				FD3E038818CD94060033845A /* ja */,
			);
			name = InfoPlist.strings;
			sourceTree = "<group>";
		};
/* End PBXVariantGroup section */

/* Begin XCBuildConfiguration section */
		FD3A310118CB642F002B6990 /* Debug */ = {
			isa = XCBuildConfiguration;
			buildSettings = {
				ALWAYS_SEARCH_USER_PATHS = NO;
				CLANG_CXX_LANGUAGE_STANDARD = "gnu++0x";
				CLANG_CXX_LIBRARY = "libc++";
				CLANG_ENABLE_MODULES = YES;
				CLANG_ENABLE_OBJC_ARC = YES;
				CLANG_WARN_BOOL_CONVERSION = YES;
				CLANG_WARN_CONSTANT_CONVERSION = YES;
				CLANG_WARN_DIRECT_OBJC_ISA_USAGE = YES_ERROR;
				CLANG_WARN_EMPTY_BODY = YES;
				CLANG_WARN_ENUM_CONVERSION = YES;
				CLANG_WARN_INT_CONVERSION = YES;
				CLANG_WARN_OBJC_ROOT_CLASS = YES_ERROR;
				CLANG_WARN__DUPLICATE_METHOD_MATCH = YES;
				"CODE_SIGN_IDENTITY[sdk=iphoneos*]" = "iPhone Developer";
				COPY_PHASE_STRIP = NO;
				GCC_C_LANGUAGE_STANDARD = gnu99;
				GCC_DYNAMIC_NO_PIC = NO;
				GCC_OPTIMIZATION_LEVEL = 0;
				GCC_PREPROCESSOR_DEFINITIONS = (
					"DEBUG=1",
					"$(inherited)",
				);
				GCC_SYMBOLS_PRIVATE_EXTERN = NO;
				GCC_WARN_64_TO_32_BIT_CONVERSION = YES;
				GCC_WARN_ABOUT_RETURN_TYPE = YES_ERROR;
				GCC_WARN_UNDECLARED_SELECTOR = YES;
				GCC_WARN_UNINITIALIZED_AUTOS = YES;
				GCC_WARN_UNUSED_FUNCTION = YES;
				GCC_WARN_UNUSED_VARIABLE = YES;
				IPHONEOS_DEPLOYMENT_TARGET = 7.0;
				ONLY_ACTIVE_ARCH = YES;
				SDKROOT = iphoneos;
			};
			name = Debug;
		};
		FD3A310218CB642F002B6990 /* Release */ = {
			isa = XCBuildConfiguration;
			buildSettings = {
				ALWAYS_SEARCH_USER_PATHS = NO;
				CLANG_CXX_LANGUAGE_STANDARD = "gnu++0x";
				CLANG_CXX_LIBRARY = "libc++";
				CLANG_ENABLE_MODULES = YES;
				CLANG_ENABLE_OBJC_ARC = YES;
				CLANG_WARN_BOOL_CONVERSION = YES;
				CLANG_WARN_CONSTANT_CONVERSION = YES;
				CLANG_WARN_DIRECT_OBJC_ISA_USAGE = YES_ERROR;
				CLANG_WARN_EMPTY_BODY = YES;
				CLANG_WARN_ENUM_CONVERSION = YES;
				CLANG_WARN_INT_CONVERSION = YES;
				CLANG_WARN_OBJC_ROOT_CLASS = YES_ERROR;
				CLANG_WARN__DUPLICATE_METHOD_MATCH = YES;
				"CODE_SIGN_IDENTITY[sdk=iphoneos*]" = "iPhone Developer";
				COPY_PHASE_STRIP = YES;
				ENABLE_NS_ASSERTIONS = NO;
				GCC_C_LANGUAGE_STANDARD = gnu99;
				GCC_WARN_64_TO_32_BIT_CONVERSION = YES;
				GCC_WARN_ABOUT_RETURN_TYPE = YES_ERROR;
				GCC_WARN_UNDECLARED_SELECTOR = YES;
				GCC_WARN_UNINITIALIZED_AUTOS = YES;
				GCC_WARN_UNUSED_FUNCTION = YES;
				GCC_WARN_UNUSED_VARIABLE = YES;
				IPHONEOS_DEPLOYMENT_TARGET = 7.0;
				SDKROOT = iphoneos;
				VALIDATE_PRODUCT = YES;
			};
			name = Release;
		};
		FD3A310418CB642F002B6990 /* Debug */ = {
			isa = XCBuildConfiguration;
			buildSettings = {
				ASSETCATALOG_COMPILER_APPICON_NAME = AppIcon;
				ASSETCATALOG_COMPILER_LAUNCHIMAGE_NAME = LaunchImage;
				GCC_PRECOMPILE_PREFIX_HEADER = YES;
				GCC_PREFIX_HEADER = "pm25/pm25-Prefix.pch";
				HEADER_SEARCH_PATHS = (
					"$(inherited)",
					/Applications/Xcode.app/Contents/Developer/Toolchains/XcodeDefault.xctoolchain/usr/include,
					../Admob,
					OpenSSL,
				);
				INFOPLIST_FILE = "pm25/pm25-Info.plist";
				LIBRARY_SEARCH_PATHS = (
					"$(inherited)",
					/Users/pauldelange/Documents/sakai/PM2.5/pm25/Admob,
					/Users/pauldelange/Documents/sakai/PM2.5/pm25/OpenSSL,
				);
				OTHER_LDFLAGS = "-ObjC";
				PRODUCT_NAME = "$(TARGET_NAME)";
				WRAPPER_EXTENSION = app;
			};
			name = Debug;
		};
		FD3A310518CB642F002B6990 /* Release */ = {
			isa = XCBuildConfiguration;
			buildSettings = {
				ASSETCATALOG_COMPILER_APPICON_NAME = AppIcon;
				ASSETCATALOG_COMPILER_LAUNCHIMAGE_NAME = LaunchImage;
				GCC_PRECOMPILE_PREFIX_HEADER = YES;
				GCC_PREFIX_HEADER = "pm25/pm25-Prefix.pch";
				HEADER_SEARCH_PATHS = (
					"$(inherited)",
					/Applications/Xcode.app/Contents/Developer/Toolchains/XcodeDefault.xctoolchain/usr/include,
					../Admob,
					OpenSSL,
				);
				INFOPLIST_FILE = "pm25/pm25-Info.plist";
				LIBRARY_SEARCH_PATHS = (
					"$(inherited)",
					/Users/pauldelange/Documents/sakai/PM2.5/pm25/Admob,
					/Users/pauldelange/Documents/sakai/PM2.5/pm25/OpenSSL,
				);
				OTHER_LDFLAGS = "-ObjC";
				PRODUCT_NAME = "$(TARGET_NAME)";
				WRAPPER_EXTENSION = app;
			};
			name = Release;
		};
		FD3A310718CB642F002B6990 /* Debug */ = {
			isa = XCBuildConfiguration;
			buildSettings = {
				BUNDLE_LOADER = "$(BUILT_PRODUCTS_DIR)/pm25.app/pm25";
				FRAMEWORK_SEARCH_PATHS = (
					"$(SDKROOT)/Developer/Library/Frameworks",
					"$(inherited)",
					"$(DEVELOPER_FRAMEWORKS_DIR)",
				);
				GCC_PRECOMPILE_PREFIX_HEADER = YES;
				GCC_PREFIX_HEADER = "pm25/pm25-Prefix.pch";
				GCC_PREPROCESSOR_DEFINITIONS = (
					"DEBUG=1",
					"$(inherited)",
				);
				INFOPLIST_FILE = "pm25Tests/pm25Tests-Info.plist";
				PRODUCT_NAME = "$(TARGET_NAME)";
				TEST_HOST = "$(BUNDLE_LOADER)";
				WRAPPER_EXTENSION = xctest;
			};
			name = Debug;
		};
		FD3A310818CB642F002B6990 /* Release */ = {
			isa = XCBuildConfiguration;
			buildSettings = {
				BUNDLE_LOADER = "$(BUILT_PRODUCTS_DIR)/pm25.app/pm25";
				FRAMEWORK_SEARCH_PATHS = (
					"$(SDKROOT)/Developer/Library/Frameworks",
					"$(inherited)",
					"$(DEVELOPER_FRAMEWORKS_DIR)",
				);
				GCC_PRECOMPILE_PREFIX_HEADER = YES;
				GCC_PREFIX_HEADER = "pm25/pm25-Prefix.pch";
				INFOPLIST_FILE = "pm25Tests/pm25Tests-Info.plist";
				PRODUCT_NAME = "$(TARGET_NAME)";
				TEST_HOST = "$(BUNDLE_LOADER)";
				WRAPPER_EXTENSION = xctest;
			};
			name = Release;
		};
/* End XCBuildConfiguration section */

/* Begin XCConfigurationList section */
		FD3A30D218CB642F002B6990 /* Build configuration list for PBXProject "pm25" */ = {
			isa = XCConfigurationList;
			buildConfigurations = (
				FD3A310118CB642F002B6990 /* Debug */,
				FD3A310218CB642F002B6990 /* Release */,
			);
			defaultConfigurationIsVisible = 0;
			defaultConfigurationName = Release;
		};
		FD3A310318CB642F002B6990 /* Build configuration list for PBXNativeTarget "pm25" */ = {
			isa = XCConfigurationList;
			buildConfigurations = (
				FD3A310418CB642F002B6990 /* Debug */,
				FD3A310518CB642F002B6990 /* Release */,
			);
			defaultConfigurationIsVisible = 0;
			defaultConfigurationName = Release;
		};
		FD3A310618CB642F002B6990 /* Build configuration list for PBXNativeTarget "pm25Tests" */ = {
			isa = XCConfigurationList;
			buildConfigurations = (
				FD3A310718CB642F002B6990 /* Debug */,
				FD3A310818CB642F002B6990 /* Release */,
			);
			defaultConfigurationIsVisible = 0;
			defaultConfigurationName = Release;
		};
/* End XCConfigurationList section */
	};
	rootObject = FD3A30CF18CB642F002B6990 /* Project object */;
}
