// !$*UTF8*$!
{
	archiveVersion = 1;
	classes = {
	};
	objectVersion = 46;
	objects = {

/* Begin PBXBuildFile section */
		FD2DF0821903A73E0023EDF7 /* Foundation.framework in Frameworks */ = {isa = PBXBuildFile; fileRef = FD2DF0811903A73E0023EDF7 /* Foundation.framework */; };
		FD2DF0841903A73E0023EDF7 /* CoreGraphics.framework in Frameworks */ = {isa = PBXBuildFile; fileRef = FD2DF0831903A73E0023EDF7 /* CoreGraphics.framework */; };
		FD2DF0861903A73E0023EDF7 /* UIKit.framework in Frameworks */ = {isa = PBXBuildFile; fileRef = FD2DF0851903A73E0023EDF7 /* UIKit.framework */; };
		FD2DF08C1903A73E0023EDF7 /* InfoPlist.strings in Resources */ = {isa = PBXBuildFile; fileRef = FD2DF08A1903A73E0023EDF7 /* InfoPlist.strings */; };
		FD2DF08E1903A73E0023EDF7 /* main.m in Sources */ = {isa = PBXBuildFile; fileRef = FD2DF08D1903A73E0023EDF7 /* main.m */; };
		FD2DF0921903A73E0023EDF7 /* AppDelegate.m in Sources */ = {isa = PBXBuildFile; fileRef = FD2DF0911903A73E0023EDF7 /* AppDelegate.m */; };
		FD2DF0941903A73E0023EDF7 /* Images.xcassets in Resources */ = {isa = PBXBuildFile; fileRef = FD2DF0931903A73E0023EDF7 /* Images.xcassets */; };
		FD2DF0B81903A8020023EDF7 /* HomeViewController.m in Sources */ = {isa = PBXBuildFile; fileRef = FD2DF0B71903A8020023EDF7 /* HomeViewController.m */; };
		FD2DF0BB1903A8100023EDF7 /* SettingsViewController.m in Sources */ = {isa = PBXBuildFile; fileRef = FD2DF0BA1903A8100023EDF7 /* SettingsViewController.m */; };
		FD2DF0BE1903A8200023EDF7 /* ResultsViewController.m in Sources */ = {isa = PBXBuildFile; fileRef = FD2DF0BD1903A8200023EDF7 /* ResultsViewController.m */; };
		FD2DF0C11903A8290023EDF7 /* AdvertisementViewController.m in Sources */ = {isa = PBXBuildFile; fileRef = FD2DF0C01903A8290023EDF7 /* AdvertisementViewController.m */; };
		FD2DF0C41903A9110023EDF7 /* DemoViewController.m in Sources */ = {isa = PBXBuildFile; fileRef = FD2DF0C31903A9110023EDF7 /* DemoViewController.m */; };
		FD2DF0C61903AB7E0023EDF7 /* opencv2.framework in Frameworks */ = {isa = PBXBuildFile; fileRef = FD2DF0C51903AB7E0023EDF7 /* opencv2.framework */; };
		FD2DF0C81903AB9C0023EDF7 /* Storyboard.storyboard in Resources */ = {isa = PBXBuildFile; fileRef = FD2DF0C71903AB9C0023EDF7 /* Storyboard.storyboard */; };
/* End PBXBuildFile section */

/* Begin PBXFileReference section */
		FD2DF07E1903A73E0023EDF7 /* CustomerCounter.app */ = {isa = PBXFileReference; explicitFileType = wrapper.application; includeInIndex = 0; path = CustomerCounter.app; sourceTree = BUILT_PRODUCTS_DIR; };
		FD2DF0811903A73E0023EDF7 /* Foundation.framework */ = {isa = PBXFileReference; lastKnownFileType = wrapper.framework; name = Foundation.framework; path = System/Library/Frameworks/Foundation.framework; sourceTree = SDKROOT; };
		FD2DF0831903A73E0023EDF7 /* CoreGraphics.framework */ = {isa = PBXFileReference; lastKnownFileType = wrapper.framework; name = CoreGraphics.framework; path = System/Library/Frameworks/CoreGraphics.framework; sourceTree = SDKROOT; };
		FD2DF0851903A73E0023EDF7 /* UIKit.framework */ = {isa = PBXFileReference; lastKnownFileType = wrapper.framework; name = UIKit.framework; path = System/Library/Frameworks/UIKit.framework; sourceTree = SDKROOT; };
		FD2DF0891903A73E0023EDF7 /* CustomerCounter-Info.plist */ = {isa = PBXFileReference; lastKnownFileType = text.plist.xml; name = "CustomerCounter-Info.plist"; path = "CustomerCounter/CustomerCounter-Info.plist"; sourceTree = "<group>"; };
		FD2DF08B1903A73E0023EDF7 /* en */ = {isa = PBXFileReference; lastKnownFileType = text.plist.strings; name = en; path = en.lproj/InfoPlist.strings; sourceTree = "<group>"; };
		FD2DF08D1903A73E0023EDF7 /* main.m */ = {isa = PBXFileReference; lastKnownFileType = sourcecode.c.objc; path = main.m; sourceTree = "<group>"; };
		FD2DF08F1903A73E0023EDF7 /* CustomerCounter-Prefix.pch */ = {isa = PBXFileReference; lastKnownFileType = sourcecode.c.h; path = "CustomerCounter-Prefix.pch"; sourceTree = "<group>"; };
		FD2DF0901903A73E0023EDF7 /* AppDelegate.h */ = {isa = PBXFileReference; lastKnownFileType = sourcecode.c.h; path = AppDelegate.h; sourceTree = "<group>"; };
		FD2DF0911903A73E0023EDF7 /* AppDelegate.m */ = {isa = PBXFileReference; lastKnownFileType = sourcecode.c.objc; path = AppDelegate.m; sourceTree = "<group>"; };
		FD2DF0931903A73E0023EDF7 /* Images.xcassets */ = {isa = PBXFileReference; lastKnownFileType = folder.assetcatalog; name = Images.xcassets; path = CustomerCounter/Images.xcassets; sourceTree = "<group>"; };
		FD2DF09A1903A73E0023EDF7 /* XCTest.framework */ = {isa = PBXFileReference; lastKnownFileType = wrapper.framework; name = XCTest.framework; path = Library/Frameworks/XCTest.framework; sourceTree = DEVELOPER_DIR; };
		FD2DF0B61903A8020023EDF7 /* HomeViewController.h */ = {isa = PBXFileReference; fileEncoding = 4; lastKnownFileType = sourcecode.c.h; path = HomeViewController.h; sourceTree = "<group>"; };
		FD2DF0B71903A8020023EDF7 /* HomeViewController.m */ = {isa = PBXFileReference; fileEncoding = 4; lastKnownFileType = sourcecode.c.objc; path = HomeViewController.m; sourceTree = "<group>"; };
		FD2DF0B91903A8100023EDF7 /* SettingsViewController.h */ = {isa = PBXFileReference; fileEncoding = 4; lastKnownFileType = sourcecode.c.h; path = SettingsViewController.h; sourceTree = "<group>"; };
		FD2DF0BA1903A8100023EDF7 /* SettingsViewController.m */ = {isa = PBXFileReference; fileEncoding = 4; lastKnownFileType = sourcecode.c.objc; path = SettingsViewController.m; sourceTree = "<group>"; };
		FD2DF0BC1903A8200023EDF7 /* ResultsViewController.h */ = {isa = PBXFileReference; fileEncoding = 4; lastKnownFileType = sourcecode.c.h; path = ResultsViewController.h; sourceTree = "<group>"; };
		FD2DF0BD1903A8200023EDF7 /* ResultsViewController.m */ = {isa = PBXFileReference; fileEncoding = 4; lastKnownFileType = sourcecode.c.objc; path = ResultsViewController.m; sourceTree = "<group>"; };
		FD2DF0BF1903A8290023EDF7 /* AdvertisementViewController.h */ = {isa = PBXFileReference; fileEncoding = 4; lastKnownFileType = sourcecode.c.h; path = AdvertisementViewController.h; sourceTree = "<group>"; };
		FD2DF0C01903A8290023EDF7 /* AdvertisementViewController.m */ = {isa = PBXFileReference; fileEncoding = 4; lastKnownFileType = sourcecode.c.objc; path = AdvertisementViewController.m; sourceTree = "<group>"; };
		FD2DF0C21903A9110023EDF7 /* DemoViewController.h */ = {isa = PBXFileReference; fileEncoding = 4; lastKnownFileType = sourcecode.c.h; path = DemoViewController.h; sourceTree = "<group>"; };
		FD2DF0C31903A9110023EDF7 /* DemoViewController.m */ = {isa = PBXFileReference; fileEncoding = 4; lastKnownFileType = sourcecode.c.objc; path = DemoViewController.m; sourceTree = "<group>"; };
		FD2DF0C51903AB7E0023EDF7 /* opencv2.framework */ = {isa = PBXFileReference; lastKnownFileType = wrapper.framework; path = opencv2.framework; sourceTree = "<group>"; };
		FD2DF0C71903AB9C0023EDF7 /* Storyboard.storyboard */ = {isa = PBXFileReference; fileEncoding = 4; lastKnownFileType = file.storyboard; name = Storyboard.storyboard; path = CustomerCounter/Storyboard.storyboard; sourceTree = "<group>"; };
/* End PBXFileReference section */

/* Begin PBXFrameworksBuildPhase section */
		FD2DF07B1903A73E0023EDF7 /* Frameworks */ = {
			isa = PBXFrameworksBuildPhase;
			buildActionMask = 2147483647;
			files = (
				FD2DF0841903A73E0023EDF7 /* CoreGraphics.framework in Frameworks */,
				FD2DF0861903A73E0023EDF7 /* UIKit.framework in Frameworks */,
				FD2DF0C61903AB7E0023EDF7 /* opencv2.framework in Frameworks */,
				FD2DF0821903A73E0023EDF7 /* Foundation.framework in Frameworks */,
			);
			runOnlyForDeploymentPostprocessing = 0;
		};
/* End PBXFrameworksBuildPhase section */

/* Begin PBXGroup section */
		FD2DF0751903A73E0023EDF7 = {
			isa = PBXGroup;
			children = (
				FD2DF0871903A73E0023EDF7 /* Code */,
				FD2DF0B01903A75F0023EDF7 /* Resources */,
				FD2DF0801903A73E0023EDF7 /* Frameworks */,
				FD2DF07F1903A73E0023EDF7 /* Products */,
			);
			sourceTree = "<group>";
		};
		FD2DF07F1903A73E0023EDF7 /* Products */ = {
			isa = PBXGroup;
			children = (
				FD2DF07E1903A73E0023EDF7 /* CustomerCounter.app */,
			);
			name = Products;
			sourceTree = "<group>";
		};
		FD2DF0801903A73E0023EDF7 /* Frameworks */ = {
			isa = PBXGroup;
			children = (
				FD2DF0C51903AB7E0023EDF7 /* opencv2.framework */,
				FD2DF0811903A73E0023EDF7 /* Foundation.framework */,
				FD2DF0831903A73E0023EDF7 /* CoreGraphics.framework */,
				FD2DF0851903A73E0023EDF7 /* UIKit.framework */,
				FD2DF09A1903A73E0023EDF7 /* XCTest.framework */,
			);
			name = Frameworks;
			sourceTree = "<group>";
		};
		FD2DF0871903A73E0023EDF7 /* Code */ = {
			isa = PBXGroup;
			children = (
				FD2DF08F1903A73E0023EDF7 /* CustomerCounter-Prefix.pch */,
				FD2DF08D1903A73E0023EDF7 /* main.m */,
				FD2DF0B31903A7760023EDF7 /* Models */,
				FD2DF0B21903A7740023EDF7 /* Views */,
				FD2DF0B11903A7720023EDF7 /* Controllers */,
			);
			name = Code;
			path = CustomerCounter;
			sourceTree = "<group>";
		};
		FD2DF0B01903A75F0023EDF7 /* Resources */ = {
			isa = PBXGroup;
			children = (
				FD2DF0C71903AB9C0023EDF7 /* Storyboard.storyboard */,
				FD2DF08A1903A73E0023EDF7 /* InfoPlist.strings */,
				FD2DF0931903A73E0023EDF7 /* Images.xcassets */,
				FD2DF0891903A73E0023EDF7 /* CustomerCounter-Info.plist */,
			);
			name = Resources;
			sourceTree = "<group>";
		};
		FD2DF0B11903A7720023EDF7 /* Controllers */ = {
			isa = PBXGroup;
			children = (
				FD2DF0901903A73E0023EDF7 /* AppDelegate.h */,
				FD2DF0911903A73E0023EDF7 /* AppDelegate.m */,
				FD2DF0B61903A8020023EDF7 /* HomeViewController.h */,
				FD2DF0B71903A8020023EDF7 /* HomeViewController.m */,
				FD2DF0B91903A8100023EDF7 /* SettingsViewController.h */,
				FD2DF0BA1903A8100023EDF7 /* SettingsViewController.m */,
				FD2DF0BC1903A8200023EDF7 /* ResultsViewController.h */,
				FD2DF0BD1903A8200023EDF7 /* ResultsViewController.m */,
				FD2DF0BF1903A8290023EDF7 /* AdvertisementViewController.h */,
				FD2DF0C01903A8290023EDF7 /* AdvertisementViewController.m */,
				FD2DF0C21903A9110023EDF7 /* DemoViewController.h */,
				FD2DF0C31903A9110023EDF7 /* DemoViewController.m */,
			);
			name = Controllers;
			sourceTree = "<group>";
		};
		FD2DF0B21903A7740023EDF7 /* Views */ = {
			isa = PBXGroup;
			children = (
			);
			name = Views;
			sourceTree = "<group>";
		};
		FD2DF0B31903A7760023EDF7 /* Models */ = {
			isa = PBXGroup;
			children = (
			);
			name = Models;
			sourceTree = "<group>";
		};
/* End PBXGroup section */

/* Begin PBXNativeTarget section */
		FD2DF07D1903A73E0023EDF7 /* CustomerCounter */ = {
			isa = PBXNativeTarget;
			buildConfigurationList = FD2DF0AA1903A73E0023EDF7 /* Build configuration list for PBXNativeTarget "CustomerCounter" */;
			buildPhases = (
				FD2DF07A1903A73E0023EDF7 /* Sources */,
				FD2DF07B1903A73E0023EDF7 /* Frameworks */,
				FD2DF07C1903A73E0023EDF7 /* Resources */,
			);
			buildRules = (
			);
			dependencies = (
			);
			name = CustomerCounter;
			productName = CustomerCounter;
			productReference = FD2DF07E1903A73E0023EDF7 /* CustomerCounter.app */;
			productType = "com.apple.product-type.application";
		};
/* End PBXNativeTarget section */

/* Begin PBXProject section */
		FD2DF0761903A73E0023EDF7 /* Project object */ = {
			isa = PBXProject;
			attributes = {
				LastUpgradeCheck = 0510;
				ORGANIZATIONNAME = Chesterford;
			};
			buildConfigurationList = FD2DF0791903A73E0023EDF7 /* Build configuration list for PBXProject "CustomerCounter" */;
			compatibilityVersion = "Xcode 3.2";
			developmentRegion = English;
			hasScannedForEncodings = 0;
			knownRegions = (
				en,
			);
			mainGroup = FD2DF0751903A73E0023EDF7;
			productRefGroup = FD2DF07F1903A73E0023EDF7 /* Products */;
			projectDirPath = "";
			projectRoot = "";
			targets = (
				FD2DF07D1903A73E0023EDF7 /* CustomerCounter */,
			);
		};
/* End PBXProject section */

/* Begin PBXResourcesBuildPhase section */
		FD2DF07C1903A73E0023EDF7 /* Resources */ = {
			isa = PBXResourcesBuildPhase;
			buildActionMask = 2147483647;
			files = (
				FD2DF08C1903A73E0023EDF7 /* InfoPlist.strings in Resources */,
				FD2DF0941903A73E0023EDF7 /* Images.xcassets in Resources */,
				FD2DF0C81903AB9C0023EDF7 /* Storyboard.storyboard in Resources */,
			);
			runOnlyForDeploymentPostprocessing = 0;
		};
/* End PBXResourcesBuildPhase section */

/* Begin PBXSourcesBuildPhase section */
		FD2DF07A1903A73E0023EDF7 /* Sources */ = {
			isa = PBXSourcesBuildPhase;
			buildActionMask = 2147483647;
			files = (
				FD2DF0921903A73E0023EDF7 /* AppDelegate.m in Sources */,
				FD2DF08E1903A73E0023EDF7 /* main.m in Sources */,
				FD2DF0B81903A8020023EDF7 /* HomeViewController.m in Sources */,
				FD2DF0BB1903A8100023EDF7 /* SettingsViewController.m in Sources */,
				FD2DF0C11903A8290023EDF7 /* AdvertisementViewController.m in Sources */,
				FD2DF0C41903A9110023EDF7 /* DemoViewController.m in Sources */,
				FD2DF0BE1903A8200023EDF7 /* ResultsViewController.m in Sources */,
			);
			runOnlyForDeploymentPostprocessing = 0;
		};
/* End PBXSourcesBuildPhase section */

/* Begin PBXVariantGroup section */
		FD2DF08A1903A73E0023EDF7 /* InfoPlist.strings */ = {
			isa = PBXVariantGroup;
			children = (
				FD2DF08B1903A73E0023EDF7 /* en */,
			);
			name = InfoPlist.strings;
			path = CustomerCounter;
			sourceTree = "<group>";
		};
/* End PBXVariantGroup section */

/* Begin XCBuildConfiguration section */
		FD2DF0A81903A73E0023EDF7 /* Debug */ = {
			isa = XCBuildConfiguration;
			buildSettings = {
				ALWAYS_SEARCH_USER_PATHS = NO;
				CLANG_CXX_LANGUAGE_STANDARD = "gnu++0x";
				CLANG_CXX_LIBRARY = "libc++";
				CLANG_ENABLE_MODULES = YES;
				CLANG_ENABLE_OBJC_ARC = YES;
				CLANG_WARN_BOOL_CONVERSION = YES;
				CLANG_WARN_CONSTANT_CONVERSION = YES;
				CLANG_WARN_DIRECT_OBJC_ISA_USAGE = YES_ERROR;
				CLANG_WARN_EMPTY_BODY = YES;
				CLANG_WARN_ENUM_CONVERSION = YES;
				CLANG_WARN_INT_CONVERSION = YES;
				CLANG_WARN_OBJC_ROOT_CLASS = YES_ERROR;
				CLANG_WARN__DUPLICATE_METHOD_MATCH = YES;
				"CODE_SIGN_IDENTITY[sdk=iphoneos*]" = "iPhone Developer";
				COPY_PHASE_STRIP = NO;
				GCC_C_LANGUAGE_STANDARD = gnu99;
				GCC_DYNAMIC_NO_PIC = NO;
				GCC_OPTIMIZATION_LEVEL = 0;
				GCC_PREPROCESSOR_DEFINITIONS = (
					"DEBUG=1",
					"$(inherited)",
				);
				GCC_SYMBOLS_PRIVATE_EXTERN = NO;
				GCC_WARN_64_TO_32_BIT_CONVERSION = YES;
				GCC_WARN_ABOUT_RETURN_TYPE = YES_ERROR;
				GCC_WARN_UNDECLARED_SELECTOR = YES;
				GCC_WARN_UNINITIALIZED_AUTOS = YES_AGGRESSIVE;
				GCC_WARN_UNUSED_FUNCTION = YES;
				GCC_WARN_UNUSED_VARIABLE = YES;
				IPHONEOS_DEPLOYMENT_TARGET = 7.1;
				ONLY_ACTIVE_ARCH = YES;
				SDKROOT = iphoneos;
				TARGETED_DEVICE_FAMILY = 2;
			};
			name = Debug;
		};
		FD2DF0A91903A73E0023EDF7 /* Release */ = {
			isa = XCBuildConfiguration;
			buildSettings = {
				ALWAYS_SEARCH_USER_PATHS = NO;
				CLANG_CXX_LANGUAGE_STANDARD = "gnu++0x";
				CLANG_CXX_LIBRARY = "libc++";
				CLANG_ENABLE_MODULES = YES;
				CLANG_ENABLE_OBJC_ARC = YES;
				CLANG_WARN_BOOL_CONVERSION = YES;
				CLANG_WARN_CONSTANT_CONVERSION = YES;
				CLANG_WARN_DIRECT_OBJC_ISA_USAGE = YES_ERROR;
				CLANG_WARN_EMPTY_BODY = YES;
				CLANG_WARN_ENUM_CONVERSION = YES;
				CLANG_WARN_INT_CONVERSION = YES;
				CLANG_WARN_OBJC_ROOT_CLASS = YES_ERROR;
				CLANG_WARN__DUPLICATE_METHOD_MATCH = YES;
				"CODE_SIGN_IDENTITY[sdk=iphoneos*]" = "iPhone Developer";
				COPY_PHASE_STRIP = YES;
				ENABLE_NS_ASSERTIONS = NO;
				GCC_C_LANGUAGE_STANDARD = gnu99;
				GCC_WARN_64_TO_32_BIT_CONVERSION = YES;
				GCC_WARN_ABOUT_RETURN_TYPE = YES_ERROR;
				GCC_WARN_UNDECLARED_SELECTOR = YES;
				GCC_WARN_UNINITIALIZED_AUTOS = YES_AGGRESSIVE;
				GCC_WARN_UNUSED_FUNCTION = YES;
				GCC_WARN_UNUSED_VARIABLE = YES;
				IPHONEOS_DEPLOYMENT_TARGET = 7.1;
				SDKROOT = iphoneos;
				TARGETED_DEVICE_FAMILY = 2;
				VALIDATE_PRODUCT = YES;
			};
			name = Release;
		};
		FD2DF0AB1903A73E0023EDF7 /* Debug */ = {
			isa = XCBuildConfiguration;
			buildSettings = {
				ASSETCATALOG_COMPILER_APPICON_NAME = AppIcon;
				ASSETCATALOG_COMPILER_LAUNCHIMAGE_NAME = LaunchImage;
				FRAMEWORK_SEARCH_PATHS = (
					"$(inherited)",
					"$(PROJECT_DIR)",
				);
				GCC_PRECOMPILE_PREFIX_HEADER = YES;
				GCC_PREFIX_HEADER = "CustomerCounter/CustomerCounter-Prefix.pch";
				INFOPLIST_FILE = "CustomerCounter/CustomerCounter-Info.plist";
				PRODUCT_NAME = "$(TARGET_NAME)";
				WRAPPER_EXTENSION = app;
			};
			name = Debug;
		};
		FD2DF0AC1903A73E0023EDF7 /* Release */ = {
			isa = XCBuildConfiguration;
			buildSettings = {
				ASSETCATALOG_COMPILER_APPICON_NAME = AppIcon;
				ASSETCATALOG_COMPILER_LAUNCHIMAGE_NAME = LaunchImage;
				FRAMEWORK_SEARCH_PATHS = (
					"$(inherited)",
					"$(PROJECT_DIR)",
				);
				GCC_PRECOMPILE_PREFIX_HEADER = YES;
				GCC_PREFIX_HEADER = "CustomerCounter/CustomerCounter-Prefix.pch";
				INFOPLIST_FILE = "CustomerCounter/CustomerCounter-Info.plist";
				PRODUCT_NAME = "$(TARGET_NAME)";
				WRAPPER_EXTENSION = app;
			};
			name = Release;
		};
/* End XCBuildConfiguration section */

/* Begin XCConfigurationList section */
		FD2DF0791903A73E0023EDF7 /* Build configuration list for PBXProject "CustomerCounter" */ = {
			isa = XCConfigurationList;
			buildConfigurations = (
				FD2DF0A81903A73E0023EDF7 /* Debug */,
				FD2DF0A91903A73E0023EDF7 /* Release */,
			);
			defaultConfigurationIsVisible = 0;
			defaultConfigurationName = Release;
		};
		FD2DF0AA1903A73E0023EDF7 /* Build configuration list for PBXNativeTarget "CustomerCounter" */ = {
			isa = XCConfigurationList;
			buildConfigurations = (
				FD2DF0AB1903A73E0023EDF7 /* Debug */,
				FD2DF0AC1903A73E0023EDF7 /* Release */,
			);
			defaultConfigurationIsVisible = 0;
		};
/* End XCConfigurationList section */
	};
	rootObject = FD2DF0761903A73E0023EDF7 /* Project object */;
}
